
Microsoft Visual Studio Solution File, Format Version 12.00
# Visual Studio Version 17
VisualStudioVersion = 17.14.36511.14 d17.14
MinimumVisualStudioVersion = 10.0.40219.1
Project("{F184B08F-C81C-45F6-A57F-5ABD9991F28F}") = "MazeGame", "MazeGame\MazeGame.vbproj", "{D7F23D98-067E-44DD-BC81-0F2CDA24B5D0}"
EndProject
Global
	GlobalSection(SolutionConfigurationPlatforms) = preSolution
		Debug|Any CPU = Debug|Any CPU
		Release|Any CPU = Release|Any CPU
	EndGlobalSection
	GlobalSection(ProjectConfigurationPlatforms) = postSolution
		{D7F23D98-067E-44DD-BC81-0F2CDA24B5D0}.Debug|Any CPU.ActiveCfg = Debug|Any CPU
		{D7F23D98-067E-44DD-BC81-0F2CDA24B5D0}.Debug|Any CPU.Build.0 = Debug|Any CPU
		{D7F23D98-067E-44DD-BC81-0F2CDA24B5D0}.Release|Any CPU.ActiveCfg = Release|Any CPU
		{D7F23D98-067E-44DD-BC81-0F2CDA24B5D0}.Release|Any CPU.Build.0 = Release|Any CPU
	EndGlobalSection
	GlobalSection(SolutionProperties) = preSolution
		HideSolutionNode = FALSE
	EndGlobalSection
	GlobalSection(ExtensibilityGlobals) = postSolution
		SolutionGuid = {19C048AE-F324-46FA-AA19-75A8E9592B8B}
	EndGlobalSection
EndGlobal
